
Microsoft Visual Studio Solution File, Format Version 12.00
# Visual Studio Version 16
VisualStudioVersion = 16.0.30717.126
MinimumVisualStudioVersion = 10.0.40219.1
Project("{FAE04EC0-301F-11D3-BF4B-00C04F79EFBC}") = "MathMadLib2", "MathMadLib2\MathMadLib2.csproj", "{D62DABEF-36F6-4973-B5E2-F8B16D61270E}"
EndProject
Global
	GlobalSection(SolutionConfigurationPlatforms) = preSolution
		Debug|Any CPU = Debug|Any CPU
		Release|Any CPU = Release|Any CPU
	EndGlobalSection
	GlobalSection(ProjectConfigurationPlatforms) = postSolution
		{D62DABEF-36F6-4973-B5E2-F8B16D61270E}.Debug|Any CPU.ActiveCfg = Debug|Any CPU
		{D62DABEF-36F6-4973-B5E2-F8B16D61270E}.Debug|Any CPU.Build.0 = Debug|Any CPU
		{D62DABEF-36F6-4973-B5E2-F8B16D61270E}.Release|Any CPU.ActiveCfg = Release|Any CPU
		{D62DABEF-36F6-4973-B5E2-F8B16D61270E}.Release|Any CPU.Build.0 = Release|Any CPU
	EndGlobalSection
	GlobalSection(SolutionProperties) = preSolution
		HideSolutionNode = FALSE
	EndGlobalSection
	GlobalSection(ExtensibilityGlobals) = postSolution
		SolutionGuid = {D04B5F7D-211C-44C6-B573-9197BCEA4CB2}
	EndGlobalSection
EndGlobal
