
Microsoft Visual Studio Solution File, Format Version 12.00
# Visual Studio Version 16
VisualStudioVersion = 16.0.30717.126
MinimumVisualStudioVersion = 10.0.40219.1
Project("{FAE04EC0-301F-11D3-BF4B-00C04F79EFBC}") = "NewNetId", "NewNetId\NewNetId.csproj", "{50AD45F1-20A2-4841-9BBF-5D53A1A410BF}"
EndProject
Global
	GlobalSection(SolutionConfigurationPlatforms) = preSolution
		Debug|Any CPU = Debug|Any CPU
		Release|Any CPU = Release|Any CPU
	EndGlobalSection
	GlobalSection(ProjectConfigurationPlatforms) = postSolution
		{50AD45F1-20A2-4841-9BBF-5D53A1A410BF}.Debug|Any CPU.ActiveCfg = Debug|Any CPU
		{50AD45F1-20A2-4841-9BBF-5D53A1A410BF}.Debug|Any CPU.Build.0 = Debug|Any CPU
		{50AD45F1-20A2-4841-9BBF-5D53A1A410BF}.Release|Any CPU.ActiveCfg = Release|Any CPU
		{50AD45F1-20A2-4841-9BBF-5D53A1A410BF}.Release|Any CPU.Build.0 = Release|Any CPU
	EndGlobalSection
	GlobalSection(SolutionProperties) = preSolution
		HideSolutionNode = FALSE
	EndGlobalSection
	GlobalSection(ExtensibilityGlobals) = postSolution
		SolutionGuid = {616E727A-8863-4271-9B00-D3E8FE3265E4}
	EndGlobalSection
EndGlobal
